// !$*UTF8*$!
{
	archiveVersion = 1;
	classes = {
	};
	objectVersion = 55;
	objects = {

/* Begin PBXBuildFile section */
		91A7726C286EBA2E0044E0BB /* AppDelegate.swift in Sources */ = {isa = PBXBuildFile; fileRef = 91A7726B286EBA2E0044E0BB /* AppDelegate.swift */; };
		91A7726E286EBA2E0044E0BB /* SceneDelegate.swift in Sources */ = {isa = PBXBuildFile; fileRef = 91A7726D286EBA2E0044E0BB /* SceneDelegate.swift */; };
		91A77270286EBA2E0044E0BB /* ViewController.swift in Sources */ = {isa = PBXBuildFile; fileRef = 91A7726F286EBA2E0044E0BB /* ViewController.swift */; };
		91A77273286EBA2E0044E0BB /* Main.storyboard in Resources */ = {isa = PBXBuildFile; fileRef = 91A77271286EBA2E0044E0BB /* Main.storyboard */; };
		91A77275286EBA2F0044E0BB /* Assets.xcassets in Resources */ = {isa = PBXBuildFile; fileRef = 91A77274286EBA2F0044E0BB /* Assets.xcassets */; };
		91A77278286EBA2F0044E0BB /* LaunchScreen.storyboard in Resources */ = {isa = PBXBuildFile; fileRef = 91A77276286EBA2F0044E0BB /* LaunchScreen.storyboard */; };
		91A77280286EC89A0044E0BB /* PopoverPresentationTableViewController.swift in Sources */ = {isa = PBXBuildFile; fileRef = 91A7727F286EC89A0044E0BB /* PopoverPresentationTableViewController.swift */; };
/* End PBXBuildFile section */

/* Begin PBXFileReference section */
		91A77268286EBA2E0044E0BB /* PullDownPopUpPrac.app */ = {isa = PBXFileReference; explicitFileType = wrapper.application; includeInIndex = 0; path = PullDownPopUpPrac.app; sourceTree = BUILT_PRODUCTS_DIR; };
		91A7726B286EBA2E0044E0BB /* AppDelegate.swift */ = {isa = PBXFileReference; lastKnownFileType = sourcecode.swift; path = AppDelegate.swift; sourceTree = "<group>"; };
		91A7726D286EBA2E0044E0BB /* SceneDelegate.swift */ = {isa = PBXFileReference; lastKnownFileType = sourcecode.swift; path = SceneDelegate.swift; sourceTree = "<group>"; };
		91A7726F286EBA2E0044E0BB /* ViewController.swift */ = {isa = PBXFileReference; lastKnownFileType = sourcecode.swift; path = ViewController.swift; sourceTree = "<group>"; };
		91A77272286EBA2E0044E0BB /* Base */ = {isa = PBXFileReference; lastKnownFileType = file.storyboard; name = Base; path = Base.lproj/Main.storyboard; sourceTree = "<group>"; };
		91A77274286EBA2F0044E0BB /* Assets.xcassets */ = {isa = PBXFileReference; lastKnownFileType = folder.assetcatalog; path = Assets.xcassets; sourceTree = "<group>"; };
		91A77277286EBA2F0044E0BB /* Base */ = {isa = PBXFileReference; lastKnownFileType = file.storyboard; name = Base; path = Base.lproj/LaunchScreen.storyboard; sourceTree = "<group>"; };
		91A77279286EBA2F0044E0BB /* Info.plist */ = {isa = PBXFileReference; lastKnownFileType = text.plist.xml; path = Info.plist; sourceTree = "<group>"; };
		91A7727F286EC89A0044E0BB /* PopoverPresentationTableViewController.swift */ = {isa = PBXFileReference; lastKnownFileType = sourcecode.swift; path = PopoverPresentationTableViewController.swift; sourceTree = "<group>"; };
/* End PBXFileReference section */

/* Begin PBXFrameworksBuildPhase section */
		91A77265286EBA2E0044E0BB /* Frameworks */ = {
			isa = PBXFrameworksBuildPhase;
			buildActionMask = 2147483647;
			files = (
			);
			runOnlyForDeploymentPostprocessing = 0;
		};
/* End PBXFrameworksBuildPhase section */

/* Begin PBXGroup section */
		91A7725F286EBA2E0044E0BB = {
			isa = PBXGroup;
			children = (
				91A7726A286EBA2E0044E0BB /* PullDownPopUpPrac */,
				91A77269286EBA2E0044E0BB /* Products */,
			);
			sourceTree = "<group>";
		};
		91A77269286EBA2E0044E0BB /* Products */ = {
			isa = PBXGroup;
			children = (
				91A77268286EBA2E0044E0BB /* PullDownPopUpPrac.app */,
			);
			name = Products;
			sourceTree = "<group>";
		};
		91A7726A286EBA2E0044E0BB /* PullDownPopUpPrac */ = {
			isa = PBXGroup;
			children = (
				91A7726B286EBA2E0044E0BB /* AppDelegate.swift */,
				91A7726D286EBA2E0044E0BB /* SceneDelegate.swift */,
				91A7726F286EBA2E0044E0BB /* ViewController.swift */,
				91A7727F286EC89A0044E0BB /* PopoverPresentationTableViewController.swift */,
				91A77271286EBA2E0044E0BB /* Main.storyboard */,
				91A77274286EBA2F0044E0BB /* Assets.xcassets */,
				91A77276286EBA2F0044E0BB /* LaunchScreen.storyboard */,
				91A77279286EBA2F0044E0BB /* Info.plist */,
			);
			path = PullDownPopUpPrac;
			sourceTree = "<group>";
		};
/* End PBXGroup section */

/* Begin PBXNativeTarget section */
		91A77267286EBA2E0044E0BB /* PullDownPopUpPrac */ = {
			isa = PBXNativeTarget;
			buildConfigurationList = 91A7727C286EBA2F0044E0BB /* Build configuration list for PBXNativeTarget "PullDownPopUpPrac" */;
			buildPhases = (
				91A77264286EBA2E0044E0BB /* Sources */,
				91A77265286EBA2E0044E0BB /* Frameworks */,
				91A77266286EBA2E0044E0BB /* Resources */,
			);
			buildRules = (
			);
			dependencies = (
			);
			name = PullDownPopUpPrac;
			productName = PullDownPopUpPrac;
			productReference = 91A77268286EBA2E0044E0BB /* PullDownPopUpPrac.app */;
			productType = "com.apple.product-type.application";
		};
/* End PBXNativeTarget section */

/* Begin PBXProject section */
		91A77260286EBA2E0044E0BB /* Project object */ = {
			isa = PBXProject;
			attributes = {
				BuildIndependentTargetsInParallel = 1;
				LastSwiftUpdateCheck = 1330;
				LastUpgradeCheck = 1330;
				TargetAttributes = {
					91A77267286EBA2E0044E0BB = {
						CreatedOnToolsVersion = 13.3;
					};
				};
			};
			buildConfigurationList = 91A77263286EBA2E0044E0BB /* Build configuration list for PBXProject "PullDownPopUpPrac" */;
			compatibilityVersion = "Xcode 13.0";
			developmentRegion = en;
			hasScannedForEncodings = 0;
			knownRegions = (
				en,
				Base,
			);
			mainGroup = 91A7725F286EBA2E0044E0BB;
			productRefGroup = 91A77269286EBA2E0044E0BB /* Products */;
			projectDirPath = "";
			projectRoot = "";
			targets = (
				91A77267286EBA2E0044E0BB /* PullDownPopUpPrac */,
			);
		};
/* End PBXProject section */

/* Begin PBXResourcesBuildPhase section */
		91A77266286EBA2E0044E0BB /* Resources */ = {
			isa = PBXResourcesBuildPhase;
			buildActionMask = 2147483647;
			files = (
				91A77278286EBA2F0044E0BB /* LaunchScreen.storyboard in Resources */,
				91A77275286EBA2F0044E0BB /* Assets.xcassets in Resources */,
				91A77273286EBA2E0044E0BB /* Main.storyboard in Resources */,
			);
			runOnlyForDeploymentPostprocessing = 0;
		};
/* End PBXResourcesBuildPhase section */

/* Begin PBXSourcesBuildPhase section */
		91A77264286EBA2E0044E0BB /* Sources */ = {
			isa = PBXSourcesBuildPhase;
			buildActionMask = 2147483647;
			files = (
				91A77270286EBA2E0044E0BB /* ViewController.swift in Sources */,
				91A77280286EC89A0044E0BB /* PopoverPresentationTableViewController.swift in Sources */,
				91A7726C286EBA2E0044E0BB /* AppDelegate.swift in Sources */,
				91A7726E286EBA2E0044E0BB /* SceneDelegate.swift in Sources */,
			);
			runOnlyForDeploymentPostprocessing = 0;
		};
/* End PBXSourcesBuildPhase section */

/* Begin PBXVariantGroup section */
		91A77271286EBA2E0044E0BB /* Main.storyboard */ = {
			isa = PBXVariantGroup;
			children = (
				91A77272286EBA2E0044E0BB /* Base */,
			);
			name = Main.storyboard;
			sourceTree = "<group>";
		};
		91A77276286EBA2F0044E0BB /* LaunchScreen.storyboard */ = {
			isa = PBXVariantGroup;
			children = (
				91A77277286EBA2F0044E0BB /* Base */,
			);
			name = LaunchScreen.storyboard;
			sourceTree = "<group>";
		};
/* End PBXVariantGroup section */

/* Begin XCBuildConfiguration section */
		91A7727A286EBA2F0044E0BB /* Debug */ = {
			isa = XCBuildConfiguration;
			buildSettings = {
				ALWAYS_SEARCH_USER_PATHS = NO;
				CLANG_ANALYZER_NONNULL = YES;
				CLANG_ANALYZER_NUMBER_OBJECT_CONVERSION = YES_AGGRESSIVE;
				CLANG_CXX_LANGUAGE_STANDARD = "gnu++17";
				CLANG_ENABLE_MODULES = YES;
				CLANG_ENABLE_OBJC_ARC = YES;
				CLANG_ENABLE_OBJC_WEAK = YES;
				CLANG_WARN_BLOCK_CAPTURE_AUTORELEASING = YES;
				CLANG_WARN_BOOL_CONVERSION = YES;
				CLANG_WARN_COMMA = YES;
				CLANG_WARN_CONSTANT_CONVERSION = YES;
				CLANG_WARN_DEPRECATED_OBJC_IMPLEMENTATIONS = YES;
				CLANG_WARN_DIRECT_OBJC_ISA_USAGE = YES_ERROR;
				CLANG_WARN_DOCUMENTATION_COMMENTS = YES;
				CLANG_WARN_EMPTY_BODY = YES;
				CLANG_WARN_ENUM_CONVERSION = YES;
				CLANG_WARN_INFINITE_RECURSION = YES;
				CLANG_WARN_INT_CONVERSION = YES;
				CLANG_WARN_NON_LITERAL_NULL_CONVERSION = YES;
				CLANG_WARN_OBJC_IMPLICIT_RETAIN_SELF = YES;
				CLANG_WARN_OBJC_LITERAL_CONVERSION = YES;
				CLANG_WARN_OBJC_ROOT_CLASS = YES_ERROR;
				CLANG_WARN_QUOTED_INCLUDE_IN_FRAMEWORK_HEADER = YES;
				CLANG_WARN_RANGE_LOOP_ANALYSIS = YES;
				CLANG_WARN_STRICT_PROTOTYPES = YES;
				CLANG_WARN_SUSPICIOUS_MOVE = YES;
				CLANG_WARN_UNGUARDED_AVAILABILITY = YES_AGGRESSIVE;
				CLANG_WARN_UNREACHABLE_CODE = YES;
				CLANG_WARN__DUPLICATE_METHOD_MATCH = YES;
				COPY_PHASE_STRIP = NO;
				DEBUG_INFORMATION_FORMAT = dwarf;
				ENABLE_STRICT_OBJC_MSGSEND = YES;
				ENABLE_TESTABILITY = YES;
				GCC_C_LANGUAGE_STANDARD = gnu11;
				GCC_DYNAMIC_NO_PIC = NO;
				GCC_NO_COMMON_BLOCKS = YES;
				GCC_OPTIMIZATION_LEVEL = 0;
				GCC_PREPROCESSOR_DEFINITIONS = (
					"DEBUG=1",
					"$(inherited)",
				);
				GCC_WARN_64_TO_32_BIT_CONVERSION = YES;
				GCC_WARN_ABOUT_RETURN_TYPE = YES_ERROR;
				GCC_WARN_UNDECLARED_SELECTOR = YES;
				GCC_WARN_UNINITIALIZED_AUTOS = YES_AGGRESSIVE;
				GCC_WARN_UNUSED_FUNCTION = YES;
				GCC_WARN_UNUSED_VARIABLE = YES;
				IPHONEOS_DEPLOYMENT_TARGET = 15.4;
				MTL_ENABLE_DEBUG_INFO = INCLUDE_SOURCE;
				MTL_FAST_MATH = YES;
				ONLY_ACTIVE_ARCH = YES;
				SDKROOT = iphoneos;
				SWIFT_ACTIVE_COMPILATION_CONDITIONS = DEBUG;
				SWIFT_OPTIMIZATION_LEVEL = "-Onone";
			};
			name = Debug;
		};
		91A7727B286EBA2F0044E0BB /* Release */ = {
			isa = XCBuildConfiguration;
			buildSettings = {
				ALWAYS_SEARCH_USER_PATHS = NO;
				CLANG_ANALYZER_NONNULL = YES;
				CLANG_ANALYZER_NUMBER_OBJECT_CONVERSION = YES_AGGRESSIVE;
				CLANG_CXX_LANGUAGE_STANDARD = "gnu++17";
				CLANG_ENABLE_MODULES = YES;
				CLANG_ENABLE_OBJC_ARC = YES;
				CLANG_ENABLE_OBJC_WEAK = YES;
				CLANG_WARN_BLOCK_CAPTURE_AUTORELEASING = YES;
				CLANG_WARN_BOOL_CONVERSION = YES;
				CLANG_WARN_COMMA = YES;
				CLANG_WARN_CONSTANT_CONVERSION = YES;
				CLANG_WARN_DEPRECATED_OBJC_IMPLEMENTATIONS = YES;
				CLANG_WARN_DIRECT_OBJC_ISA_USAGE = YES_ERROR;
				CLANG_WARN_DOCUMENTATION_COMMENTS = YES;
				CLANG_WARN_EMPTY_BODY = YES;
				CLANG_WARN_ENUM_CONVERSION = YES;
				CLANG_WARN_INFINITE_RECURSION = YES;
				CLANG_WARN_INT_CONVERSION = YES;
				CLANG_WARN_NON_LITERAL_NULL_CONVERSION = YES;
				CLANG_WARN_OBJC_IMPLICIT_RETAIN_SELF = YES;
				CLANG_WARN_OBJC_LITERAL_CONVERSION = YES;
				CLANG_WARN_OBJC_ROOT_CLASS = YES_ERROR;
				CLANG_WARN_QUOTED_INCLUDE_IN_FRAMEWORK_HEADER = YES;
				CLANG_WARN_RANGE_LOOP_ANALYSIS = YES;
				CLANG_WARN_STRICT_PROTOTYPES = YES;
				CLANG_WARN_SUSPICIOUS_MOVE = YES;
				CLANG_WARN_UNGUARDED_AVAILABILITY = YES_AGGRESSIVE;
				CLANG_WARN_UNREACHABLE_CODE = YES;
				CLANG_WARN__DUPLICATE_METHOD_MATCH = YES;
				COPY_PHASE_STRIP = NO;
				DEBUG_INFORMATION_FORMAT = "dwarf-with-dsym";
				ENABLE_NS_ASSERTIONS = NO;
				ENABLE_STRICT_OBJC_MSGSEND = YES;
				GCC_C_LANGUAGE_STANDARD = gnu11;
				GCC_NO_COMMON_BLOCKS = YES;
				GCC_WARN_64_TO_32_BIT_CONVERSION = YES;
				GCC_WARN_ABOUT_RETURN_TYPE = YES_ERROR;
				GCC_WARN_UNDECLARED_SELECTOR = YES;
				GCC_WARN_UNINITIALIZED_AUTOS = YES_AGGRESSIVE;
				GCC_WARN_UNUSED_FUNCTION = YES;
				GCC_WARN_UNUSED_VARIABLE = YES;
				IPHONEOS_DEPLOYMENT_TARGET = 15.4;
				MTL_ENABLE_DEBUG_INFO = NO;
				MTL_FAST_MATH = YES;
				SDKROOT = iphoneos;
				SWIFT_COMPILATION_MODE = wholemodule;
				SWIFT_OPTIMIZATION_LEVEL = "-O";
				VALIDATE_PRODUCT = YES;
			};
			name = Release;
		};
		91A7727D286EBA2F0044E0BB /* Debug */ = {
			isa = XCBuildConfiguration;
			buildSettings = {
				ASSETCATALOG_COMPILER_APPICON_NAME = AppIcon;
				ASSETCATALOG_COMPILER_GLOBAL_ACCENT_COLOR_NAME = AccentColor;
				CODE_SIGN_STYLE = Automatic;
				CURRENT_PROJECT_VERSION = 1;
				DEVELOPMENT_TEAM = VWDLUM96X8;
				GENERATE_INFOPLIST_FILE = YES;
				INFOPLIST_FILE = PullDownPopUpPrac/Info.plist;
				INFOPLIST_KEY_UIApplicationSupportsIndirectInputEvents = YES;
				INFOPLIST_KEY_UILaunchStoryboardName = LaunchScreen;
				INFOPLIST_KEY_UIMainStoryboardFile = Main;
				INFOPLIST_KEY_UISupportedInterfaceOrientations_iPad = "UIInterfaceOrientationPortrait UIInterfaceOrientationPortraitUpsideDown UIInterfaceOrientationLandscapeLeft UIInterfaceOrientationLandscapeRight";
				INFOPLIST_KEY_UISupportedInterfaceOrientations_iPhone = "UIInterfaceOrientationPortrait UIInterfaceOrientationLandscapeLeft UIInterfaceOrientationLandscapeRight";
				LD_RUNPATH_SEARCH_PATHS = (
					"$(inherited)",
					"@executable_path/Frameworks",
				);
				MARKETING_VERSION = 1.0;
				PRODUCT_BUNDLE_IDENTIFIER = individualStudio.PullDownPopUpPrac;
				PRODUCT_NAME = "$(TARGET_NAME)";
				SWIFT_EMIT_LOC_STRINGS = YES;
				SWIFT_VERSION = 5.0;
				TARGETED_DEVICE_FAMILY = "1,2";
			};
			name = Debug;
		};
		91A7727E286EBA2F0044E0BB /* Release */ = {
			isa = XCBuildConfiguration;
			buildSettings = {
				ASSETCATALOG_COMPILER_APPICON_NAME = AppIcon;
				ASSETCATALOG_COMPILER_GLOBAL_ACCENT_COLOR_NAME = AccentColor;
				CODE_SIGN_STYLE = Automatic;
				CURRENT_PROJECT_VERSION = 1;
				DEVELOPMENT_TEAM = VWDLUM96X8;
				GENERATE_INFOPLIST_FILE = YES;
				INFOPLIST_FILE = PullDownPopUpPrac/Info.plist;
				INFOPLIST_KEY_UIApplicationSupportsIndirectInputEvents = YES;
				INFOPLIST_KEY_UILaunchStoryboardName = LaunchScreen;
				INFOPLIST_KEY_UIMainStoryboardFile = Main;
				INFOPLIST_KEY_UISupportedInterfaceOrientations_iPad = "UIInterfaceOrientationPortrait UIInterfaceOrientationPortraitUpsideDown UIInterfaceOrientationLandscapeLeft UIInterfaceOrientationLandscapeRight";
				INFOPLIST_KEY_UISupportedInterfaceOrientations_iPhone = "UIInterfaceOrientationPortrait UIInterfaceOrientationLandscapeLeft UIInterfaceOrientationLandscapeRight";
				LD_RUNPATH_SEARCH_PATHS = (
					"$(inherited)",
					"@executable_path/Frameworks",
				);
				MARKETING_VERSION = 1.0;
				PRODUCT_BUNDLE_IDENTIFIER = individualStudio.PullDownPopUpPrac;
				PRODUCT_NAME = "$(TARGET_NAME)";
				SWIFT_EMIT_LOC_STRINGS = YES;
				SWIFT_VERSION = 5.0;
				TARGETED_DEVICE_FAMILY = "1,2";
			};
			name = Release;
		};
/* End XCBuildConfiguration section */

/* Begin XCConfigurationList section */
		91A77263286EBA2E0044E0BB /* Build configuration list for PBXProject "PullDownPopUpPrac" */ = {
			isa = XCConfigurationList;
			buildConfigurations = (
				91A7727A286EBA2F0044E0BB /* Debug */,
				91A7727B286EBA2F0044E0BB /* Release */,
			);
			defaultConfigurationIsVisible = 0;
			defaultConfigurationName = Release;
		};
		91A7727C286EBA2F0044E0BB /* Build configuration list for PBXNativeTarget "PullDownPopUpPrac" */ = {
			isa = XCConfigurationList;
			buildConfigurations = (
				91A7727D286EBA2F0044E0BB /* Debug */,
				91A7727E286EBA2F0044E0BB /* Release */,
			);
			defaultConfigurationIsVisible = 0;
			defaultConfigurationName = Release;
		};
/* End XCConfigurationList section */
	};
	rootObject = 91A77260286EBA2E0044E0BB /* Project object */;
}
